
Microsoft Visual Studio Solution File, Format Version 12.00
# Visual Studio Version 17
VisualStudioVersion = 17.5.002.0
MinimumVisualStudioVersion = 10.0.40219.1
Project("{9A19103F-16F7-4668-BE54-9A1E7A4F7556}") = "QR_CodeGenerator", "QR_CodeGenerator.csproj", "{CA88CF4E-E29D-40E1-B65B-4692E305DE45}"
EndProject
Global
	GlobalSection(SolutionConfigurationPlatforms) = preSolution
		Debug|Any CPU = Debug|Any CPU
		Release|Any CPU = Release|Any CPU
	EndGlobalSection
	GlobalSection(ProjectConfigurationPlatforms) = postSolution
		{CA88CF4E-E29D-40E1-B65B-4692E305DE45}.Debug|Any CPU.ActiveCfg = Debug|Any CPU
		{CA88CF4E-E29D-40E1-B65B-4692E305DE45}.Debug|Any CPU.Build.0 = Debug|Any CPU
		{CA88CF4E-E29D-40E1-B65B-4692E305DE45}.Release|Any CPU.ActiveCfg = Release|Any CPU
		{CA88CF4E-E29D-40E1-B65B-4692E305DE45}.Release|Any CPU.Build.0 = Release|Any CPU
	EndGlobalSection
	GlobalSection(SolutionProperties) = preSolution
		HideSolutionNode = FALSE
	EndGlobalSection
	GlobalSection(ExtensibilityGlobals) = postSolution
		SolutionGuid = {449D3548-BD2F-4C99-A74A-437858E8DA13}
	EndGlobalSection
EndGlobal
